
Microsoft Visual Studio Solution File, Format Version 12.00
# Visual Studio Version 17
VisualStudioVersion = 17.7.34009.444
MinimumVisualStudioVersion = 10.0.40219.1
Project("{FAE04EC0-301F-11D3-BF4B-00C04F79EFBC}") = "BombRushDiscord", "BombRushDiscord\BombRushDiscord.csproj", "{C256A7A6-BDE6-46DD-B10A-C72F53BCC56D}"
EndProject
Global
	GlobalSection(SolutionConfigurationPlatforms) = preSolution
		Debug|Any CPU = Debug|Any CPU
		Release|Any CPU = Release|Any CPU
	EndGlobalSection
	GlobalSection(ProjectConfigurationPlatforms) = postSolution
		{C256A7A6-BDE6-46DD-B10A-C72F53BCC56D}.Debug|Any CPU.ActiveCfg = Debug|Any CPU
		{C256A7A6-BDE6-46DD-B10A-C72F53BCC56D}.Debug|Any CPU.Build.0 = Debug|Any CPU
		{C256A7A6-BDE6-46DD-B10A-C72F53BCC56D}.Release|Any CPU.ActiveCfg = Release|Any CPU
		{C256A7A6-BDE6-46DD-B10A-C72F53BCC56D}.Release|Any CPU.Build.0 = Release|Any CPU
	EndGlobalSection
	GlobalSection(SolutionProperties) = preSolution
		HideSolutionNode = FALSE
	EndGlobalSection
	GlobalSection(ExtensibilityGlobals) = postSolution
		SolutionGuid = {A1FB4919-5915-445E-B220-F8F156ADCA90}
	EndGlobalSection
EndGlobal
