
Microsoft Visual Studio Solution File, Format Version 12.00
# Visual Studio Version 17
VisualStudioVersion = 17.7.34009.444
MinimumVisualStudioVersion = 10.0.40219.1
Project("{9A19103F-16F7-4668-BE54-9A1E7A4F7556}") = "DiscordRush", "DiscordRush\DiscordRush.csproj", "{AC311DDE-2E75-4730-8233-9811283C17F8}"
EndProject
Project("{9A19103F-16F7-4668-BE54-9A1E7A4F7556}") = "CrewBoomAPI", "Libraries\CrewBoomAPI\CrewBoomAPI.csproj", "{D0049A9E-110A-4F09-926B-49F5880AF4C7}"
EndProject
Project("{9A19103F-16F7-4668-BE54-9A1E7A4F7556}") = "SlopCrew.API", "Libraries\SlopCrew\SlopCrew.API\SlopCrew.API.csproj", "{F339FCAB-0E3E-4B5D-A0C3-C072C01AB89B}"
EndProject
Global
	GlobalSection(SolutionConfigurationPlatforms) = preSolution
		Debug|Any CPU = Debug|Any CPU
		Release|Any CPU = Release|Any CPU
	EndGlobalSection
	GlobalSection(ProjectConfigurationPlatforms) = postSolution
		{AC311DDE-2E75-4730-8233-9811283C17F8}.Debug|Any CPU.ActiveCfg = Debug|Any CPU
		{AC311DDE-2E75-4730-8233-9811283C17F8}.Debug|Any CPU.Build.0 = Debug|Any CPU
		{AC311DDE-2E75-4730-8233-9811283C17F8}.Release|Any CPU.ActiveCfg = Release|Any CPU
		{AC311DDE-2E75-4730-8233-9811283C17F8}.Release|Any CPU.Build.0 = Release|Any CPU
		{D0049A9E-110A-4F09-926B-49F5880AF4C7}.Debug|Any CPU.ActiveCfg = Debug|Any CPU
		{D0049A9E-110A-4F09-926B-49F5880AF4C7}.Debug|Any CPU.Build.0 = Debug|Any CPU
		{D0049A9E-110A-4F09-926B-49F5880AF4C7}.Release|Any CPU.ActiveCfg = Release|Any CPU
		{D0049A9E-110A-4F09-926B-49F5880AF4C7}.Release|Any CPU.Build.0 = Release|Any CPU
		{F339FCAB-0E3E-4B5D-A0C3-C072C01AB89B}.Debug|Any CPU.ActiveCfg = Debug|Any CPU
		{F339FCAB-0E3E-4B5D-A0C3-C072C01AB89B}.Debug|Any CPU.Build.0 = Debug|Any CPU
		{F339FCAB-0E3E-4B5D-A0C3-C072C01AB89B}.Release|Any CPU.ActiveCfg = Release|Any CPU
		{F339FCAB-0E3E-4B5D-A0C3-C072C01AB89B}.Release|Any CPU.Build.0 = Release|Any CPU
	EndGlobalSection
	GlobalSection(SolutionProperties) = preSolution
		HideSolutionNode = FALSE
	EndGlobalSection
	GlobalSection(ExtensibilityGlobals) = postSolution
		SolutionGuid = {5EC177C7-E6CD-42A7-A76A-84577EE877CD}
	EndGlobalSection
EndGlobal
